
Microsoft Visual Studio Solution File, Format Version 12.00
# Visual Studio Version 17
VisualStudioVersion = 17.13.35931.197
MinimumVisualStudioVersion = 10.0.40219.1
Project("{FAE04EC0-301F-11D3-BF4B-00C04F79EFBC}") = "FirstLesson", "FirstLesson\FirstLesson.csproj", "{42159521-1354-4216-950D-27CD660201D4}"
EndProject
Project("{FAE04EC0-301F-11D3-BF4B-00C04F79EFBC}") = "SimpleCalculation", "SimpleCalculation\SimpleCalculation.csproj", "{AEA750D7-5B19-4BD2-BFB0-FBF387CFF450}"
EndProject
Project("{FAE04EC0-301F-11D3-BF4B-00C04F79EFBC}") = "FullStructureProject", "FullStructureProject\FullStructureProject.csproj", "{ADB2BB62-A728-4CEF-879C-423B03473D64}"
EndProject
Project("{FAE04EC0-301F-11D3-BF4B-00C04F79EFBC}") = "VarandDynamic", "VarandDynamic\VarandDynamic.csproj", "{3DD3BB80-8AF6-460F-9F87-B4BFEA8E9C08}"
EndProject
Project("{FAE04EC0-301F-11D3-BF4B-00C04F79EFBC}") = "QuadaricEquation", "QuadaricEquation\QuadaricEquation.csproj", "{FE0B463B-95E5-4FE0-BA18-694F8D62D751}"
EndProject
Project("{FAE04EC0-301F-11D3-BF4B-00C04F79EFBC}") = "StringInter", "StringInter\StringInter.csproj", "{55DA2E91-B26D-426B-8AF7-6B979A2DF9DB}"
EndProject
Project("{FAE04EC0-301F-11D3-BF4B-00C04F79EFBC}") = "Codebyreference", "Codebyreference\Codebyreference.csproj", "{4249EB8A-3D4C-4402-A021-27A6AAB20909}"
EndProject
Project("{FAE04EC0-301F-11D3-BF4B-00C04F79EFBC}") = "TryBathandLoop", "TryBathandLoop\TryBathandLoop.csproj", "{9E71C291-60BB-4ED1-9A30-FCB8A1061628}"
EndProject
Project("{FAE04EC0-301F-11D3-BF4B-00C04F79EFBC}") = "Sapxep", "Sapxep\Sapxep.csproj", "{3FB62E7A-8631-4D9B-9C0B-37828CF81291}"
EndProject
Project("{FAE04EC0-301F-11D3-BF4B-00C04F79EFBC}") = "ParamString", "ParamString\ParamString.csproj", "{0CFD5076-DFCD-4C89-B057-4D5BE7999B73}"
EndProject
Project("{FAE04EC0-301F-11D3-BF4B-00C04F79EFBC}") = "StaticandNonstatic", "StaticandNonstatic\StaticandNonstatic.csproj", "{F25B5A97-4012-4756-8442-BD4246877295}"
EndProject
Project("{FAE04EC0-301F-11D3-BF4B-00C04F79EFBC}") = "Sample", "Sample\Sample.csproj", "{3D3DB41E-FE1E-4D61-8934-E8F505CA5656}"
EndProject
Project("{FAE04EC0-301F-11D3-BF4B-00C04F79EFBC}") = "NestedLoop", "NestedLoop\NestedLoop.csproj", "{407394E7-68F3-424D-AFFA-9DF0EA6D519F}"
EndProject
Project("{FAE04EC0-301F-11D3-BF4B-00C04F79EFBC}") = "OOP_1", "OOP_1\OOP_1.csproj", "{CCD36E85-F95A-4C3E-B433-8C2FD7BE6BC2}"
EndProject
Project("{FAE04EC0-301F-11D3-BF4B-00C04F79EFBC}") = "OOP2", "OOP2\OOP2.csproj", "{40C8ADED-724B-4D08-A646-26A5D5FB97AE}"
EndProject
Project("{FAE04EC0-301F-11D3-BF4B-00C04F79EFBC}") = "OOP3", "OOP3\OOP3.csproj", "{A399F0E6-BFE7-4856-B29A-5E5046D993BC}"
EndProject
Project("{FAE04EC0-301F-11D3-BF4B-00C04F79EFBC}") = "OOP2_Reuse_As_Library", "OOP2_Reuse_As_Library\OOP2_Reuse_As_Library.csproj", "{D0408841-645E-4E32-AA11-B1C0790F06A4}"
EndProject
Project("{FAE04EC0-301F-11D3-BF4B-00C04F79EFBC}") = "OOP4_Generic_Collection", "OOP4_Generic_Collection\OOP4_Generic_Collection.csproj", "{0266BF09-B154-497C-9227-A0F02C79B291}"
EndProject
Project("{FAE04EC0-301F-11D3-BF4B-00C04F79EFBC}") = "OOP5_Dictionary", "OOP5_Dictionary\OOP5_Dictionary.csproj", "{5C1C5B9B-BEFD-47A4-B58A-9E278C02B62D}"
EndProject
Project("{2150E333-8FDC-42A3-9474-1A3956D46DE8}") = "Chapter 5", "Chapter 5", "{02EA681E-C7D8-13C7-8484-4AC65E1B71E8}"
EndProject
Project("{FAE04EC0-301F-11D3-BF4B-00C04F79EFBC}") = "BuilderPattern", "..\..\FPTKy5\PRN212\Chapter5\Chapter5\BuilderPattern\BuilderPattern.csproj", "{1ABDAEF5-7357-F3A2-D746-AB87AAFED690}"
EndProject
Project("{FAE04EC0-301F-11D3-BF4B-00C04F79EFBC}") = "FactoriesPattern", "..\..\FPTKy5\PRN212\Chapter5\Chapter5\FactoriesPattern\FactoriesPattern.csproj", "{12046AE5-7C19-F77C-1E59-D51B73954E15}"
EndProject
Project("{FAE04EC0-301F-11D3-BF4B-00C04F79EFBC}") = "ObserverPattern", "..\..\FPTKy5\PRN212\Chapter5\Chapter5\ObserverPattern\ObserverPattern.csproj", "{57DC211F-0214-6E3F-2393-DAED73F72F81}"
EndProject
Project("{FAE04EC0-301F-11D3-BF4B-00C04F79EFBC}") = "PrototypePattern", "..\..\FPTKy5\PRN212\Chapter5\Chapter5\PrototypePattern\PrototypePattern.csproj", "{E92DCB3E-FD35-281F-7545-EEC5433FB17F}"
EndProject
Project("{FAE04EC0-301F-11D3-BF4B-00C04F79EFBC}") = "SingletonPattern", "..\..\FPTKy5\PRN212\Chapter5\Chapter5\SingletonPattern\SingletonPattern.csproj", "{E9A2F039-0DE8-4FFA-8974-DA2BD974809A}"
EndProject
Project("{FAE04EC0-301F-11D3-BF4B-00C04F79EFBC}") = "DemoAlias", "DemoAlias\DemoAlias.csproj", "{1EF2563A-58EC-4CB9-8E52-8C223953B686}"
EndProject
Project("{FAE04EC0-301F-11D3-BF4B-00C04F79EFBC}") = "DemoAliasAndClone", "DemoAliasAndClone\DemoAliasAndClone.csproj", "{C13983BB-A405-4EC2-9C41-70CF1D828A33}"
EndProject
Project("{2150E333-8FDC-42A3-9474-1A3956D46DE8}") = "Chapter 6", "Chapter 6", "{377F73BE-40C0-455A-9AB4-14068C149003}"
EndProject
Project("{FAE04EC0-301F-11D3-BF4B-00C04F79EFBC}") = "DemoDelegate", "DemoDelegate\DemoDelegate.csproj", "{572ACB4B-88C5-4972-B176-9574CDCBF3E4}"
EndProject
Project("{2150E333-8FDC-42A3-9474-1A3956D46DE8}") = "A_Note", "A_Note", "{620CDCAD-3095-44C8-BC1F-035987A678D3}"
EndProject
Project("{FAE04EC0-301F-11D3-BF4B-00C04F79EFBC}") = "Note", "Note\Note.csproj", "{0C2A0A03-5AB1-487D-9373-154F4726A7D5}"
EndProject
Project("{FAE04EC0-301F-11D3-BF4B-00C04F79EFBC}") = "DemoLINQtoObject1", "DemoLINQtoObject1\DemoLINQtoObject1.csproj", "{D80C61EA-EFC0-49F8-B4BA-C0A05236E2E8}"
EndProject
Project("{FAE04EC0-301F-11D3-BF4B-00C04F79EFBC}") = "DemoLinQtoObject2", "DemoLinQtoObject2\DemoLinQtoObject2.csproj", "{65D4B9C6-0866-427B-A9CD-3C55B0703461}"
EndProject
Project("{FAE04EC0-301F-11D3-BF4B-00C04F79EFBC}") = "DemoLNQ2SQL", "DemoLNQ2Object\DemoLNQ2SQL.csproj", "{A6A82E32-92FB-4357-8BA3-C1F3FB19DEB9}"
EndProject
Project("{FAE04EC0-301F-11D3-BF4B-00C04F79EFBC}") = "Lucy_SalesManagement", "Lucy_SalesManagement\Lucy_SalesManagement.csproj", "{BCBFC6FA-60A7-4EAF-8D43-6064D81B6223}"
EndProject
Project("{2150E333-8FDC-42A3-9474-1A3956D46DE8}") = "Chapter 7", "Chapter 7", "{E0313BEC-5065-4B97-A174-5C887C57BFA6}"
EndProject
Project("{FAE04EC0-301F-11D3-BF4B-00C04F79EFBC}") = "Hello_WPFAPP", "Hello_WPFAPP\Hello_WPFAPP.csproj", "{D04DC898-2FA6-4CE8-8FB8-784A24CC2C12}"
EndProject
Project("{FAE04EC0-301F-11D3-BF4B-00C04F79EFBC}") = "ButtonControl_TongHop", "ButtonControl_TongHop\ButtonControl_TongHop.csproj", "{2E12302B-CDBA-4F17-A8D5-A8A6131251F7}"
EndProject
Project("{FAE04EC0-301F-11D3-BF4B-00C04F79EFBC}") = "CheckBoxControlEvent", "CheckBoxControlEvent\CheckBoxControlEvent.csproj", "{BA0FD984-4722-4EE3-B064-54B3A5F4A78E}"
EndProject
Project("{FAE04EC0-301F-11D3-BF4B-00C04F79EFBC}") = "XuLyChuoiWPF1", "XuLyChuoiWPF1\XuLyChuoiWPF1.csproj", "{24426C7E-669F-4EF4-A8CC-D9FF245FDA89}"
EndProject
Project("{FAE04EC0-301F-11D3-BF4B-00C04F79EFBC}") = "RadioButtonControl1", "RadioButtonControl1\RadioButtonControl1.csproj", "{12F8C5AC-50BA-429D-B47B-2729A3AA31B9}"
EndProject
Project("{FAE04EC0-301F-11D3-BF4B-00C04F79EFBC}") = "ListWpf", "ListWpf\ListWpf.csproj", "{8179FA22-19CD-4D58-B503-CBAEC8FEC720}"
EndProject
Global
	GlobalSection(SolutionConfigurationPlatforms) = preSolution
		Debug|Any CPU = Debug|Any CPU
		Release|Any CPU = Release|Any CPU
	EndGlobalSection
	GlobalSection(ProjectConfigurationPlatforms) = postSolution
		{42159521-1354-4216-950D-27CD660201D4}.Debug|Any CPU.ActiveCfg = Debug|Any CPU
		{42159521-1354-4216-950D-27CD660201D4}.Debug|Any CPU.Build.0 = Debug|Any CPU
		{42159521-1354-4216-950D-27CD660201D4}.Release|Any CPU.ActiveCfg = Release|Any CPU
		{42159521-1354-4216-950D-27CD660201D4}.Release|Any CPU.Build.0 = Release|Any CPU
		{AEA750D7-5B19-4BD2-BFB0-FBF387CFF450}.Debug|Any CPU.ActiveCfg = Debug|Any CPU
		{AEA750D7-5B19-4BD2-BFB0-FBF387CFF450}.Debug|Any CPU.Build.0 = Debug|Any CPU
		{AEA750D7-5B19-4BD2-BFB0-FBF387CFF450}.Release|Any CPU.ActiveCfg = Release|Any CPU
		{AEA750D7-5B19-4BD2-BFB0-FBF387CFF450}.Release|Any CPU.Build.0 = Release|Any CPU
		{ADB2BB62-A728-4CEF-879C-423B03473D64}.Debug|Any CPU.ActiveCfg = Debug|Any CPU
		{ADB2BB62-A728-4CEF-879C-423B03473D64}.Debug|Any CPU.Build.0 = Debug|Any CPU
		{ADB2BB62-A728-4CEF-879C-423B03473D64}.Release|Any CPU.ActiveCfg = Release|Any CPU
		{ADB2BB62-A728-4CEF-879C-423B03473D64}.Release|Any CPU.Build.0 = Release|Any CPU
		{3DD3BB80-8AF6-460F-9F87-B4BFEA8E9C08}.Debug|Any CPU.ActiveCfg = Debug|Any CPU
		{3DD3BB80-8AF6-460F-9F87-B4BFEA8E9C08}.Debug|Any CPU.Build.0 = Debug|Any CPU
		{3DD3BB80-8AF6-460F-9F87-B4BFEA8E9C08}.Release|Any CPU.ActiveCfg = Release|Any CPU
		{3DD3BB80-8AF6-460F-9F87-B4BFEA8E9C08}.Release|Any CPU.Build.0 = Release|Any CPU
		{FE0B463B-95E5-4FE0-BA18-694F8D62D751}.Debug|Any CPU.ActiveCfg = Debug|Any CPU
		{FE0B463B-95E5-4FE0-BA18-694F8D62D751}.Debug|Any CPU.Build.0 = Debug|Any CPU
		{FE0B463B-95E5-4FE0-BA18-694F8D62D751}.Release|Any CPU.ActiveCfg = Release|Any CPU
		{FE0B463B-95E5-4FE0-BA18-694F8D62D751}.Release|Any CPU.Build.0 = Release|Any CPU
		{55DA2E91-B26D-426B-8AF7-6B979A2DF9DB}.Debug|Any CPU.ActiveCfg = Debug|Any CPU
		{55DA2E91-B26D-426B-8AF7-6B979A2DF9DB}.Debug|Any CPU.Build.0 = Debug|Any CPU
		{55DA2E91-B26D-426B-8AF7-6B979A2DF9DB}.Release|Any CPU.ActiveCfg = Release|Any CPU
		{55DA2E91-B26D-426B-8AF7-6B979A2DF9DB}.Release|Any CPU.Build.0 = Release|Any CPU
		{4249EB8A-3D4C-4402-A021-27A6AAB20909}.Debug|Any CPU.ActiveCfg = Debug|Any CPU
		{4249EB8A-3D4C-4402-A021-27A6AAB20909}.Debug|Any CPU.Build.0 = Debug|Any CPU
		{4249EB8A-3D4C-4402-A021-27A6AAB20909}.Release|Any CPU.ActiveCfg = Release|Any CPU
		{4249EB8A-3D4C-4402-A021-27A6AAB20909}.Release|Any CPU.Build.0 = Release|Any CPU
		{9E71C291-60BB-4ED1-9A30-FCB8A1061628}.Debug|Any CPU.ActiveCfg = Debug|Any CPU
		{9E71C291-60BB-4ED1-9A30-FCB8A1061628}.Debug|Any CPU.Build.0 = Debug|Any CPU
		{9E71C291-60BB-4ED1-9A30-FCB8A1061628}.Release|Any CPU.ActiveCfg = Release|Any CPU
		{9E71C291-60BB-4ED1-9A30-FCB8A1061628}.Release|Any CPU.Build.0 = Release|Any CPU
		{3FB62E7A-8631-4D9B-9C0B-37828CF81291}.Debug|Any CPU.ActiveCfg = Debug|Any CPU
		{3FB62E7A-8631-4D9B-9C0B-37828CF81291}.Debug|Any CPU.Build.0 = Debug|Any CPU
		{3FB62E7A-8631-4D9B-9C0B-37828CF81291}.Release|Any CPU.ActiveCfg = Release|Any CPU
		{3FB62E7A-8631-4D9B-9C0B-37828CF81291}.Release|Any CPU.Build.0 = Release|Any CPU
		{0CFD5076-DFCD-4C89-B057-4D5BE7999B73}.Debug|Any CPU.ActiveCfg = Debug|Any CPU
		{0CFD5076-DFCD-4C89-B057-4D5BE7999B73}.Debug|Any CPU.Build.0 = Debug|Any CPU
		{0CFD5076-DFCD-4C89-B057-4D5BE7999B73}.Release|Any CPU.ActiveCfg = Release|Any CPU
		{0CFD5076-DFCD-4C89-B057-4D5BE7999B73}.Release|Any CPU.Build.0 = Release|Any CPU
		{F25B5A97-4012-4756-8442-BD4246877295}.Debug|Any CPU.ActiveCfg = Debug|Any CPU
		{F25B5A97-4012-4756-8442-BD4246877295}.Debug|Any CPU.Build.0 = Debug|Any CPU
		{F25B5A97-4012-4756-8442-BD4246877295}.Release|Any CPU.ActiveCfg = Release|Any CPU
		{F25B5A97-4012-4756-8442-BD4246877295}.Release|Any CPU.Build.0 = Release|Any CPU
		{3D3DB41E-FE1E-4D61-8934-E8F505CA5656}.Debug|Any CPU.ActiveCfg = Debug|Any CPU
		{3D3DB41E-FE1E-4D61-8934-E8F505CA5656}.Debug|Any CPU.Build.0 = Debug|Any CPU
		{3D3DB41E-FE1E-4D61-8934-E8F505CA5656}.Release|Any CPU.ActiveCfg = Release|Any CPU
		{3D3DB41E-FE1E-4D61-8934-E8F505CA5656}.Release|Any CPU.Build.0 = Release|Any CPU
		{407394E7-68F3-424D-AFFA-9DF0EA6D519F}.Debug|Any CPU.ActiveCfg = Debug|Any CPU
		{407394E7-68F3-424D-AFFA-9DF0EA6D519F}.Debug|Any CPU.Build.0 = Debug|Any CPU
		{407394E7-68F3-424D-AFFA-9DF0EA6D519F}.Release|Any CPU.ActiveCfg = Release|Any CPU
		{407394E7-68F3-424D-AFFA-9DF0EA6D519F}.Release|Any CPU.Build.0 = Release|Any CPU
		{CCD36E85-F95A-4C3E-B433-8C2FD7BE6BC2}.Debug|Any CPU.ActiveCfg = Debug|Any CPU
		{CCD36E85-F95A-4C3E-B433-8C2FD7BE6BC2}.Debug|Any CPU.Build.0 = Debug|Any CPU
		{CCD36E85-F95A-4C3E-B433-8C2FD7BE6BC2}.Release|Any CPU.ActiveCfg = Release|Any CPU
		{CCD36E85-F95A-4C3E-B433-8C2FD7BE6BC2}.Release|Any CPU.Build.0 = Release|Any CPU
		{40C8ADED-724B-4D08-A646-26A5D5FB97AE}.Debug|Any CPU.ActiveCfg = Debug|Any CPU
		{40C8ADED-724B-4D08-A646-26A5D5FB97AE}.Debug|Any CPU.Build.0 = Debug|Any CPU
		{40C8ADED-724B-4D08-A646-26A5D5FB97AE}.Release|Any CPU.ActiveCfg = Release|Any CPU
		{40C8ADED-724B-4D08-A646-26A5D5FB97AE}.Release|Any CPU.Build.0 = Release|Any CPU
		{A399F0E6-BFE7-4856-B29A-5E5046D993BC}.Debug|Any CPU.ActiveCfg = Debug|Any CPU
		{A399F0E6-BFE7-4856-B29A-5E5046D993BC}.Debug|Any CPU.Build.0 = Debug|Any CPU
		{A399F0E6-BFE7-4856-B29A-5E5046D993BC}.Release|Any CPU.ActiveCfg = Release|Any CPU
		{A399F0E6-BFE7-4856-B29A-5E5046D993BC}.Release|Any CPU.Build.0 = Release|Any CPU
		{D0408841-645E-4E32-AA11-B1C0790F06A4}.Debug|Any CPU.ActiveCfg = Debug|Any CPU
		{D0408841-645E-4E32-AA11-B1C0790F06A4}.Debug|Any CPU.Build.0 = Debug|Any CPU
		{D0408841-645E-4E32-AA11-B1C0790F06A4}.Release|Any CPU.ActiveCfg = Release|Any CPU
		{D0408841-645E-4E32-AA11-B1C0790F06A4}.Release|Any CPU.Build.0 = Release|Any CPU
		{0266BF09-B154-497C-9227-A0F02C79B291}.Debug|Any CPU.ActiveCfg = Debug|Any CPU
		{0266BF09-B154-497C-9227-A0F02C79B291}.Debug|Any CPU.Build.0 = Debug|Any CPU
		{0266BF09-B154-497C-9227-A0F02C79B291}.Release|Any CPU.ActiveCfg = Release|Any CPU
		{0266BF09-B154-497C-9227-A0F02C79B291}.Release|Any CPU.Build.0 = Release|Any CPU
		{5C1C5B9B-BEFD-47A4-B58A-9E278C02B62D}.Debug|Any CPU.ActiveCfg = Debug|Any CPU
		{5C1C5B9B-BEFD-47A4-B58A-9E278C02B62D}.Debug|Any CPU.Build.0 = Debug|Any CPU
		{5C1C5B9B-BEFD-47A4-B58A-9E278C02B62D}.Release|Any CPU.ActiveCfg = Release|Any CPU
		{5C1C5B9B-BEFD-47A4-B58A-9E278C02B62D}.Release|Any CPU.Build.0 = Release|Any CPU
		{1ABDAEF5-7357-F3A2-D746-AB87AAFED690}.Debug|Any CPU.ActiveCfg = Debug|Any CPU
		{1ABDAEF5-7357-F3A2-D746-AB87AAFED690}.Debug|Any CPU.Build.0 = Debug|Any CPU
		{1ABDAEF5-7357-F3A2-D746-AB87AAFED690}.Release|Any CPU.ActiveCfg = Release|Any CPU
		{1ABDAEF5-7357-F3A2-D746-AB87AAFED690}.Release|Any CPU.Build.0 = Release|Any CPU
		{12046AE5-7C19-F77C-1E59-D51B73954E15}.Debug|Any CPU.ActiveCfg = Debug|Any CPU
		{12046AE5-7C19-F77C-1E59-D51B73954E15}.Debug|Any CPU.Build.0 = Debug|Any CPU
		{12046AE5-7C19-F77C-1E59-D51B73954E15}.Release|Any CPU.ActiveCfg = Release|Any CPU
		{12046AE5-7C19-F77C-1E59-D51B73954E15}.Release|Any CPU.Build.0 = Release|Any CPU
		{57DC211F-0214-6E3F-2393-DAED73F72F81}.Debug|Any CPU.ActiveCfg = Debug|Any CPU
		{57DC211F-0214-6E3F-2393-DAED73F72F81}.Debug|Any CPU.Build.0 = Debug|Any CPU
		{57DC211F-0214-6E3F-2393-DAED73F72F81}.Release|Any CPU.ActiveCfg = Release|Any CPU
		{57DC211F-0214-6E3F-2393-DAED73F72F81}.Release|Any CPU.Build.0 = Release|Any CPU
		{E92DCB3E-FD35-281F-7545-EEC5433FB17F}.Debug|Any CPU.ActiveCfg = Debug|Any CPU
		{E92DCB3E-FD35-281F-7545-EEC5433FB17F}.Debug|Any CPU.Build.0 = Debug|Any CPU
		{E92DCB3E-FD35-281F-7545-EEC5433FB17F}.Release|Any CPU.ActiveCfg = Release|Any CPU
		{E92DCB3E-FD35-281F-7545-EEC5433FB17F}.Release|Any CPU.Build.0 = Release|Any CPU
		{E9A2F039-0DE8-4FFA-8974-DA2BD974809A}.Debug|Any CPU.ActiveCfg = Debug|Any CPU
		{E9A2F039-0DE8-4FFA-8974-DA2BD974809A}.Debug|Any CPU.Build.0 = Debug|Any CPU
		{E9A2F039-0DE8-4FFA-8974-DA2BD974809A}.Release|Any CPU.ActiveCfg = Release|Any CPU
		{E9A2F039-0DE8-4FFA-8974-DA2BD974809A}.Release|Any CPU.Build.0 = Release|Any CPU
		{1EF2563A-58EC-4CB9-8E52-8C223953B686}.Debug|Any CPU.ActiveCfg = Debug|Any CPU
		{1EF2563A-58EC-4CB9-8E52-8C223953B686}.Debug|Any CPU.Build.0 = Debug|Any CPU
		{1EF2563A-58EC-4CB9-8E52-8C223953B686}.Release|Any CPU.ActiveCfg = Release|Any CPU
		{1EF2563A-58EC-4CB9-8E52-8C223953B686}.Release|Any CPU.Build.0 = Release|Any CPU
		{C13983BB-A405-4EC2-9C41-70CF1D828A33}.Debug|Any CPU.ActiveCfg = Debug|Any CPU
		{C13983BB-A405-4EC2-9C41-70CF1D828A33}.Debug|Any CPU.Build.0 = Debug|Any CPU
		{C13983BB-A405-4EC2-9C41-70CF1D828A33}.Release|Any CPU.ActiveCfg = Release|Any CPU
		{C13983BB-A405-4EC2-9C41-70CF1D828A33}.Release|Any CPU.Build.0 = Release|Any CPU
		{572ACB4B-88C5-4972-B176-9574CDCBF3E4}.Debug|Any CPU.ActiveCfg = Debug|Any CPU
		{572ACB4B-88C5-4972-B176-9574CDCBF3E4}.Debug|Any CPU.Build.0 = Debug|Any CPU
		{572ACB4B-88C5-4972-B176-9574CDCBF3E4}.Release|Any CPU.ActiveCfg = Release|Any CPU
		{572ACB4B-88C5-4972-B176-9574CDCBF3E4}.Release|Any CPU.Build.0 = Release|Any CPU
		{0C2A0A03-5AB1-487D-9373-154F4726A7D5}.Debug|Any CPU.ActiveCfg = Debug|Any CPU
		{0C2A0A03-5AB1-487D-9373-154F4726A7D5}.Debug|Any CPU.Build.0 = Debug|Any CPU
		{0C2A0A03-5AB1-487D-9373-154F4726A7D5}.Release|Any CPU.ActiveCfg = Release|Any CPU
		{0C2A0A03-5AB1-487D-9373-154F4726A7D5}.Release|Any CPU.Build.0 = Release|Any CPU
		{D80C61EA-EFC0-49F8-B4BA-C0A05236E2E8}.Debug|Any CPU.ActiveCfg = Debug|Any CPU
		{D80C61EA-EFC0-49F8-B4BA-C0A05236E2E8}.Debug|Any CPU.Build.0 = Debug|Any CPU
		{D80C61EA-EFC0-49F8-B4BA-C0A05236E2E8}.Release|Any CPU.ActiveCfg = Release|Any CPU
		{D80C61EA-EFC0-49F8-B4BA-C0A05236E2E8}.Release|Any CPU.Build.0 = Release|Any CPU
		{65D4B9C6-0866-427B-A9CD-3C55B0703461}.Debug|Any CPU.ActiveCfg = Debug|Any CPU
		{65D4B9C6-0866-427B-A9CD-3C55B0703461}.Debug|Any CPU.Build.0 = Debug|Any CPU
		{65D4B9C6-0866-427B-A9CD-3C55B0703461}.Release|Any CPU.ActiveCfg = Release|Any CPU
		{65D4B9C6-0866-427B-A9CD-3C55B0703461}.Release|Any CPU.Build.0 = Release|Any CPU
		{A6A82E32-92FB-4357-8BA3-C1F3FB19DEB9}.Debug|Any CPU.ActiveCfg = Debug|Any CPU
		{A6A82E32-92FB-4357-8BA3-C1F3FB19DEB9}.Debug|Any CPU.Build.0 = Debug|Any CPU
		{A6A82E32-92FB-4357-8BA3-C1F3FB19DEB9}.Release|Any CPU.ActiveCfg = Release|Any CPU
		{A6A82E32-92FB-4357-8BA3-C1F3FB19DEB9}.Release|Any CPU.Build.0 = Release|Any CPU
		{BCBFC6FA-60A7-4EAF-8D43-6064D81B6223}.Debug|Any CPU.ActiveCfg = Debug|Any CPU
		{BCBFC6FA-60A7-4EAF-8D43-6064D81B6223}.Debug|Any CPU.Build.0 = Debug|Any CPU
		{BCBFC6FA-60A7-4EAF-8D43-6064D81B6223}.Release|Any CPU.ActiveCfg = Release|Any CPU
		{BCBFC6FA-60A7-4EAF-8D43-6064D81B6223}.Release|Any CPU.Build.0 = Release|Any CPU
		{D04DC898-2FA6-4CE8-8FB8-784A24CC2C12}.Debug|Any CPU.ActiveCfg = Debug|Any CPU
		{D04DC898-2FA6-4CE8-8FB8-784A24CC2C12}.Debug|Any CPU.Build.0 = Debug|Any CPU
		{D04DC898-2FA6-4CE8-8FB8-784A24CC2C12}.Release|Any CPU.ActiveCfg = Release|Any CPU
		{D04DC898-2FA6-4CE8-8FB8-784A24CC2C12}.Release|Any CPU.Build.0 = Release|Any CPU
		{2E12302B-CDBA-4F17-A8D5-A8A6131251F7}.Debug|Any CPU.ActiveCfg = Debug|Any CPU
		{2E12302B-CDBA-4F17-A8D5-A8A6131251F7}.Debug|Any CPU.Build.0 = Debug|Any CPU
		{2E12302B-CDBA-4F17-A8D5-A8A6131251F7}.Release|Any CPU.ActiveCfg = Release|Any CPU
		{2E12302B-CDBA-4F17-A8D5-A8A6131251F7}.Release|Any CPU.Build.0 = Release|Any CPU
		{BA0FD984-4722-4EE3-B064-54B3A5F4A78E}.Debug|Any CPU.ActiveCfg = Debug|Any CPU
		{BA0FD984-4722-4EE3-B064-54B3A5F4A78E}.Debug|Any CPU.Build.0 = Debug|Any CPU
		{BA0FD984-4722-4EE3-B064-54B3A5F4A78E}.Release|Any CPU.ActiveCfg = Release|Any CPU
		{BA0FD984-4722-4EE3-B064-54B3A5F4A78E}.Release|Any CPU.Build.0 = Release|Any CPU
		{24426C7E-669F-4EF4-A8CC-D9FF245FDA89}.Debug|Any CPU.ActiveCfg = Debug|Any CPU
		{24426C7E-669F-4EF4-A8CC-D9FF245FDA89}.Debug|Any CPU.Build.0 = Debug|Any CPU
		{24426C7E-669F-4EF4-A8CC-D9FF245FDA89}.Release|Any CPU.ActiveCfg = Release|Any CPU
		{24426C7E-669F-4EF4-A8CC-D9FF245FDA89}.Release|Any CPU.Build.0 = Release|Any CPU
		{12F8C5AC-50BA-429D-B47B-2729A3AA31B9}.Debug|Any CPU.ActiveCfg = Debug|Any CPU
		{12F8C5AC-50BA-429D-B47B-2729A3AA31B9}.Debug|Any CPU.Build.0 = Debug|Any CPU
		{12F8C5AC-50BA-429D-B47B-2729A3AA31B9}.Release|Any CPU.ActiveCfg = Release|Any CPU
		{12F8C5AC-50BA-429D-B47B-2729A3AA31B9}.Release|Any CPU.Build.0 = Release|Any CPU
		{8179FA22-19CD-4D58-B503-CBAEC8FEC720}.Debug|Any CPU.ActiveCfg = Debug|Any CPU
		{8179FA22-19CD-4D58-B503-CBAEC8FEC720}.Debug|Any CPU.Build.0 = Debug|Any CPU
		{8179FA22-19CD-4D58-B503-CBAEC8FEC720}.Release|Any CPU.ActiveCfg = Release|Any CPU
		{8179FA22-19CD-4D58-B503-CBAEC8FEC720}.Release|Any CPU.Build.0 = Release|Any CPU
	EndGlobalSection
	GlobalSection(SolutionProperties) = preSolution
		HideSolutionNode = FALSE
	EndGlobalSection
	GlobalSection(NestedProjects) = preSolution
		{1ABDAEF5-7357-F3A2-D746-AB87AAFED690} = {02EA681E-C7D8-13C7-8484-4AC65E1B71E8}
		{12046AE5-7C19-F77C-1E59-D51B73954E15} = {02EA681E-C7D8-13C7-8484-4AC65E1B71E8}
		{57DC211F-0214-6E3F-2393-DAED73F72F81} = {02EA681E-C7D8-13C7-8484-4AC65E1B71E8}
		{E92DCB3E-FD35-281F-7545-EEC5433FB17F} = {02EA681E-C7D8-13C7-8484-4AC65E1B71E8}
		{E9A2F039-0DE8-4FFA-8974-DA2BD974809A} = {02EA681E-C7D8-13C7-8484-4AC65E1B71E8}
		{1EF2563A-58EC-4CB9-8E52-8C223953B686} = {02EA681E-C7D8-13C7-8484-4AC65E1B71E8}
		{C13983BB-A405-4EC2-9C41-70CF1D828A33} = {02EA681E-C7D8-13C7-8484-4AC65E1B71E8}
		{572ACB4B-88C5-4972-B176-9574CDCBF3E4} = {377F73BE-40C0-455A-9AB4-14068C149003}
		{0C2A0A03-5AB1-487D-9373-154F4726A7D5} = {620CDCAD-3095-44C8-BC1F-035987A678D3}
		{D80C61EA-EFC0-49F8-B4BA-C0A05236E2E8} = {377F73BE-40C0-455A-9AB4-14068C149003}
		{65D4B9C6-0866-427B-A9CD-3C55B0703461} = {377F73BE-40C0-455A-9AB4-14068C149003}
		{A6A82E32-92FB-4357-8BA3-C1F3FB19DEB9} = {377F73BE-40C0-455A-9AB4-14068C149003}
		{BCBFC6FA-60A7-4EAF-8D43-6064D81B6223} = {377F73BE-40C0-455A-9AB4-14068C149003}
		{D04DC898-2FA6-4CE8-8FB8-784A24CC2C12} = {E0313BEC-5065-4B97-A174-5C887C57BFA6}
		{2E12302B-CDBA-4F17-A8D5-A8A6131251F7} = {E0313BEC-5065-4B97-A174-5C887C57BFA6}
		{BA0FD984-4722-4EE3-B064-54B3A5F4A78E} = {E0313BEC-5065-4B97-A174-5C887C57BFA6}
		{24426C7E-669F-4EF4-A8CC-D9FF245FDA89} = {E0313BEC-5065-4B97-A174-5C887C57BFA6}
		{12F8C5AC-50BA-429D-B47B-2729A3AA31B9} = {E0313BEC-5065-4B97-A174-5C887C57BFA6}
		{8179FA22-19CD-4D58-B503-CBAEC8FEC720} = {E0313BEC-5065-4B97-A174-5C887C57BFA6}
	EndGlobalSection
	GlobalSection(ExtensibilityGlobals) = postSolution
		SolutionGuid = {0AB95FEC-C6E4-4356-9620-52D0040FD5FE}
	EndGlobalSection
EndGlobal
